
Microsoft Visual Studio Solution File, Format Version 12.00
# Visual Studio 14
VisualStudioVersion = 14.0.25420.1
MinimumVisualStudioVersion = 10.0.40219.1
Project("{FAE04EC0-301F-11D3-BF4B-00C04F79EFBC}") = "HelloXamarin", "HelloXamarin\HelloXamarin\HelloXamarin.csproj", "{920510B1-E01D-41E1-91E2-D02727D0CE49}"
EndProject
Project("{FAE04EC0-301F-11D3-BF4B-00C04F79EFBC}") = "HelloXamarin.Droid", "HelloXamarin\HelloXamarin.Droid\HelloXamarin.Droid.csproj", "{592E1829-6B99-4836-9444-128E09B15282}"
EndProject
Project("{FAE04EC0-301F-11D3-BF4B-00C04F79EFBC}") = "HelloXamarin.iOS", "HelloXamarin\HelloXamarin.iOS\HelloXamarin.iOS.csproj", "{A525F6DB-5FC8-45E3-A2CB-5B173A8A695B}"
EndProject
Project("{FAE04EC0-301F-11D3-BF4B-00C04F79EFBC}") = "HelloXamarin.UWP", "HelloXamarin\HelloXamarin.UWP\HelloXamarin.UWP.csproj", "{BA42129C-7ECA-4A43-8637-B8861B283738}"
EndProject
Global
	GlobalSection(SolutionConfigurationPlatforms) = preSolution
		Ad-Hoc|Any CPU = Ad-Hoc|Any CPU
		Ad-Hoc|ARM = Ad-Hoc|ARM
		Ad-Hoc|iPhone = Ad-Hoc|iPhone
		Ad-Hoc|iPhoneSimulator = Ad-Hoc|iPhoneSimulator
		Ad-Hoc|x64 = Ad-Hoc|x64
		Ad-Hoc|x86 = Ad-Hoc|x86
		AppStore|Any CPU = AppStore|Any CPU
		AppStore|ARM = AppStore|ARM
		AppStore|iPhone = AppStore|iPhone
		AppStore|iPhoneSimulator = AppStore|iPhoneSimulator
		AppStore|x64 = AppStore|x64
		AppStore|x86 = AppStore|x86
		Debug|Any CPU = Debug|Any CPU
		Debug|ARM = Debug|ARM
		Debug|iPhone = Debug|iPhone
		Debug|iPhoneSimulator = Debug|iPhoneSimulator
		Debug|x64 = Debug|x64
		Debug|x86 = Debug|x86
		Release|Any CPU = Release|Any CPU
		Release|ARM = Release|ARM
		Release|iPhone = Release|iPhone
		Release|iPhoneSimulator = Release|iPhoneSimulator
		Release|x64 = Release|x64
		Release|x86 = Release|x86
	EndGlobalSection
	GlobalSection(ProjectConfigurationPlatforms) = postSolution
		{920510B1-E01D-41E1-91E2-D02727D0CE49}.Ad-Hoc|Any CPU.ActiveCfg = Release|Any CPU
		{920510B1-E01D-41E1-91E2-D02727D0CE49}.Ad-Hoc|Any CPU.Build.0 = Release|Any CPU
		{920510B1-E01D-41E1-91E2-D02727D0CE49}.Ad-Hoc|ARM.ActiveCfg = Release|Any CPU
		{920510B1-E01D-41E1-91E2-D02727D0CE49}.Ad-Hoc|ARM.Build.0 = Release|Any CPU
		{920510B1-E01D-41E1-91E2-D02727D0CE49}.Ad-Hoc|iPhone.ActiveCfg = Release|Any CPU
		{920510B1-E01D-41E1-91E2-D02727D0CE49}.Ad-Hoc|iPhone.Build.0 = Release|Any CPU
		{920510B1-E01D-41E1-91E2-D02727D0CE49}.Ad-Hoc|iPhoneSimulator.ActiveCfg = Release|Any CPU
		{920510B1-E01D-41E1-91E2-D02727D0CE49}.Ad-Hoc|iPhoneSimulator.Build.0 = Release|Any CPU
		{920510B1-E01D-41E1-91E2-D02727D0CE49}.Ad-Hoc|x64.ActiveCfg = Release|Any CPU
		{920510B1-E01D-41E1-91E2-D02727D0CE49}.Ad-Hoc|x64.Build.0 = Release|Any CPU
		{920510B1-E01D-41E1-91E2-D02727D0CE49}.Ad-Hoc|x86.ActiveCfg = Release|Any CPU
		{920510B1-E01D-41E1-91E2-D02727D0CE49}.Ad-Hoc|x86.Build.0 = Release|Any CPU
		{920510B1-E01D-41E1-91E2-D02727D0CE49}.AppStore|Any CPU.ActiveCfg = Release|Any CPU
		{920510B1-E01D-41E1-91E2-D02727D0CE49}.AppStore|Any CPU.Build.0 = Release|Any CPU
		{920510B1-E01D-41E1-91E2-D02727D0CE49}.AppStore|ARM.ActiveCfg = Release|Any CPU
		{920510B1-E01D-41E1-91E2-D02727D0CE49}.AppStore|ARM.Build.0 = Release|Any CPU
		{920510B1-E01D-41E1-91E2-D02727D0CE49}.AppStore|iPhone.ActiveCfg = Release|Any CPU
		{920510B1-E01D-41E1-91E2-D02727D0CE49}.AppStore|iPhone.Build.0 = Release|Any CPU
		{920510B1-E01D-41E1-91E2-D02727D0CE49}.AppStore|iPhoneSimulator.ActiveCfg = Release|Any CPU
		{920510B1-E01D-41E1-91E2-D02727D0CE49}.AppStore|iPhoneSimulator.Build.0 = Release|Any CPU
		{920510B1-E01D-41E1-91E2-D02727D0CE49}.AppStore|x64.ActiveCfg = Release|Any CPU
		{920510B1-E01D-41E1-91E2-D02727D0CE49}.AppStore|x64.Build.0 = Release|Any CPU
		{920510B1-E01D-41E1-91E2-D02727D0CE49}.AppStore|x86.ActiveCfg = Release|Any CPU
		{920510B1-E01D-41E1-91E2-D02727D0CE49}.AppStore|x86.Build.0 = Release|Any CPU
		{920510B1-E01D-41E1-91E2-D02727D0CE49}.Debug|Any CPU.ActiveCfg = Debug|Any CPU
		{920510B1-E01D-41E1-91E2-D02727D0CE49}.Debug|Any CPU.Build.0 = Debug|Any CPU
		{920510B1-E01D-41E1-91E2-D02727D0CE49}.Debug|ARM.ActiveCfg = Debug|Any CPU
		{920510B1-E01D-41E1-91E2-D02727D0CE49}.Debug|ARM.Build.0 = Debug|Any CPU
		{920510B1-E01D-41E1-91E2-D02727D0CE49}.Debug|iPhone.ActiveCfg = Debug|Any CPU
		{920510B1-E01D-41E1-91E2-D02727D0CE49}.Debug|iPhone.Build.0 = Debug|Any CPU
		{920510B1-E01D-41E1-91E2-D02727D0CE49}.Debug|iPhoneSimulator.ActiveCfg = Debug|Any CPU
		{920510B1-E01D-41E1-91E2-D02727D0CE49}.Debug|iPhoneSimulator.Build.0 = Debug|Any CPU
		{920510B1-E01D-41E1-91E2-D02727D0CE49}.Debug|x64.ActiveCfg = Debug|Any CPU
		{920510B1-E01D-41E1-91E2-D02727D0CE49}.Debug|x64.Build.0 = Debug|Any CPU
		{920510B1-E01D-41E1-91E2-D02727D0CE49}.Debug|x86.ActiveCfg = Debug|Any CPU
		{920510B1-E01D-41E1-91E2-D02727D0CE49}.Debug|x86.Build.0 = Debug|Any CPU
		{920510B1-E01D-41E1-91E2-D02727D0CE49}.Release|Any CPU.ActiveCfg = Release|Any CPU
		{920510B1-E01D-41E1-91E2-D02727D0CE49}.Release|Any CPU.Build.0 = Release|Any CPU
		{920510B1-E01D-41E1-91E2-D02727D0CE49}.Release|ARM.ActiveCfg = Release|Any CPU
		{920510B1-E01D-41E1-91E2-D02727D0CE49}.Release|ARM.Build.0 = Release|Any CPU
		{920510B1-E01D-41E1-91E2-D02727D0CE49}.Release|iPhone.ActiveCfg = Release|Any CPU
		{920510B1-E01D-41E1-91E2-D02727D0CE49}.Release|iPhone.Build.0 = Release|Any CPU
		{920510B1-E01D-41E1-91E2-D02727D0CE49}.Release|iPhoneSimulator.ActiveCfg = Release|Any CPU
		{920510B1-E01D-41E1-91E2-D02727D0CE49}.Release|iPhoneSimulator.Build.0 = Release|Any CPU
		{920510B1-E01D-41E1-91E2-D02727D0CE49}.Release|x64.ActiveCfg = Release|Any CPU
		{920510B1-E01D-41E1-91E2-D02727D0CE49}.Release|x64.Build.0 = Release|Any CPU
		{920510B1-E01D-41E1-91E2-D02727D0CE49}.Release|x86.ActiveCfg = Release|Any CPU
		{920510B1-E01D-41E1-91E2-D02727D0CE49}.Release|x86.Build.0 = Release|Any CPU
		{592E1829-6B99-4836-9444-128E09B15282}.Ad-Hoc|Any CPU.ActiveCfg = Release|Any CPU
		{592E1829-6B99-4836-9444-128E09B15282}.Ad-Hoc|Any CPU.Build.0 = Release|Any CPU
		{592E1829-6B99-4836-9444-128E09B15282}.Ad-Hoc|Any CPU.Deploy.0 = Release|Any CPU
		{592E1829-6B99-4836-9444-128E09B15282}.Ad-Hoc|ARM.ActiveCfg = Release|Any CPU
		{592E1829-6B99-4836-9444-128E09B15282}.Ad-Hoc|ARM.Build.0 = Release|Any CPU
		{592E1829-6B99-4836-9444-128E09B15282}.Ad-Hoc|ARM.Deploy.0 = Release|Any CPU
		{592E1829-6B99-4836-9444-128E09B15282}.Ad-Hoc|iPhone.ActiveCfg = Release|Any CPU
		{592E1829-6B99-4836-9444-128E09B15282}.Ad-Hoc|iPhone.Build.0 = Release|Any CPU
		{592E1829-6B99-4836-9444-128E09B15282}.Ad-Hoc|iPhone.Deploy.0 = Release|Any CPU
		{592E1829-6B99-4836-9444-128E09B15282}.Ad-Hoc|iPhoneSimulator.ActiveCfg = Release|Any CPU
		{592E1829-6B99-4836-9444-128E09B15282}.Ad-Hoc|iPhoneSimulator.Build.0 = Release|Any CPU
		{592E1829-6B99-4836-9444-128E09B15282}.Ad-Hoc|iPhoneSimulator.Deploy.0 = Release|Any CPU
		{592E1829-6B99-4836-9444-128E09B15282}.Ad-Hoc|x64.ActiveCfg = Release|Any CPU
		{592E1829-6B99-4836-9444-128E09B15282}.Ad-Hoc|x64.Build.0 = Release|Any CPU
		{592E1829-6B99-4836-9444-128E09B15282}.Ad-Hoc|x64.Deploy.0 = Release|Any CPU
		{592E1829-6B99-4836-9444-128E09B15282}.Ad-Hoc|x86.ActiveCfg = Release|Any CPU
		{592E1829-6B99-4836-9444-128E09B15282}.Ad-Hoc|x86.Build.0 = Release|Any CPU
		{592E1829-6B99-4836-9444-128E09B15282}.Ad-Hoc|x86.Deploy.0 = Release|Any CPU
		{592E1829-6B99-4836-9444-128E09B15282}.AppStore|Any CPU.ActiveCfg = Release|Any CPU
		{592E1829-6B99-4836-9444-128E09B15282}.AppStore|Any CPU.Build.0 = Release|Any CPU
		{592E1829-6B99-4836-9444-128E09B15282}.AppStore|Any CPU.Deploy.0 = Release|Any CPU
		{592E1829-6B99-4836-9444-128E09B15282}.AppStore|ARM.ActiveCfg = Release|Any CPU
		{592E1829-6B99-4836-9444-128E09B15282}.AppStore|ARM.Build.0 = Release|Any CPU
		{592E1829-6B99-4836-9444-128E09B15282}.AppStore|ARM.Deploy.0 = Release|Any CPU
		{592E1829-6B99-4836-9444-128E09B15282}.AppStore|iPhone.ActiveCfg = Release|Any CPU
		{592E1829-6B99-4836-9444-128E09B15282}.AppStore|iPhone.Build.0 = Release|Any CPU
		{592E1829-6B99-4836-9444-128E09B15282}.AppStore|iPhone.Deploy.0 = Release|Any CPU
		{592E1829-6B99-4836-9444-128E09B15282}.AppStore|iPhoneSimulator.ActiveCfg = Release|Any CPU
		{592E1829-6B99-4836-9444-128E09B15282}.AppStore|iPhoneSimulator.Build.0 = Release|Any CPU
		{592E1829-6B99-4836-9444-128E09B15282}.AppStore|iPhoneSimulator.Deploy.0 = Release|Any CPU
		{592E1829-6B99-4836-9444-128E09B15282}.AppStore|x64.ActiveCfg = Release|Any CPU
		{592E1829-6B99-4836-9444-128E09B15282}.AppStore|x64.Build.0 = Release|Any CPU
		{592E1829-6B99-4836-9444-128E09B15282}.AppStore|x64.Deploy.0 = Release|Any CPU
		{592E1829-6B99-4836-9444-128E09B15282}.AppStore|x86.ActiveCfg = Release|Any CPU
		{592E1829-6B99-4836-9444-128E09B15282}.AppStore|x86.Build.0 = Release|Any CPU
		{592E1829-6B99-4836-9444-128E09B15282}.AppStore|x86.Deploy.0 = Release|Any CPU
		{592E1829-6B99-4836-9444-128E09B15282}.Debug|Any CPU.ActiveCfg = Debug|Any CPU
		{592E1829-6B99-4836-9444-128E09B15282}.Debug|Any CPU.Build.0 = Debug|Any CPU
		{592E1829-6B99-4836-9444-128E09B15282}.Debug|Any CPU.Deploy.0 = Debug|Any CPU
		{592E1829-6B99-4836-9444-128E09B15282}.Debug|ARM.ActiveCfg = Debug|Any CPU
		{592E1829-6B99-4836-9444-128E09B15282}.Debug|ARM.Build.0 = Debug|Any CPU
		{592E1829-6B99-4836-9444-128E09B15282}.Debug|ARM.Deploy.0 = Debug|Any CPU
		{592E1829-6B99-4836-9444-128E09B15282}.Debug|iPhone.ActiveCfg = Debug|Any CPU
		{592E1829-6B99-4836-9444-128E09B15282}.Debug|iPhone.Build.0 = Debug|Any CPU
		{592E1829-6B99-4836-9444-128E09B15282}.Debug|iPhone.Deploy.0 = Debug|Any CPU
		{592E1829-6B99-4836-9444-128E09B15282}.Debug|iPhoneSimulator.ActiveCfg = Debug|Any CPU
		{592E1829-6B99-4836-9444-128E09B15282}.Debug|iPhoneSimulator.Build.0 = Debug|Any CPU
		{592E1829-6B99-4836-9444-128E09B15282}.Debug|iPhoneSimulator.Deploy.0 = Debug|Any CPU
		{592E1829-6B99-4836-9444-128E09B15282}.Debug|x64.ActiveCfg = Debug|Any CPU
		{592E1829-6B99-4836-9444-128E09B15282}.Debug|x64.Build.0 = Debug|Any CPU
		{592E1829-6B99-4836-9444-128E09B15282}.Debug|x64.Deploy.0 = Debug|Any CPU
		{592E1829-6B99-4836-9444-128E09B15282}.Debug|x86.ActiveCfg = Debug|Any CPU
		{592E1829-6B99-4836-9444-128E09B15282}.Debug|x86.Build.0 = Debug|Any CPU
		{592E1829-6B99-4836-9444-128E09B15282}.Debug|x86.Deploy.0 = Debug|Any CPU
		{592E1829-6B99-4836-9444-128E09B15282}.Release|Any CPU.ActiveCfg = Release|Any CPU
		{592E1829-6B99-4836-9444-128E09B15282}.Release|Any CPU.Build.0 = Release|Any CPU
		{592E1829-6B99-4836-9444-128E09B15282}.Release|Any CPU.Deploy.0 = Release|Any CPU
		{592E1829-6B99-4836-9444-128E09B15282}.Release|ARM.ActiveCfg = Release|Any CPU
		{592E1829-6B99-4836-9444-128E09B15282}.Release|ARM.Build.0 = Release|Any CPU
		{592E1829-6B99-4836-9444-128E09B15282}.Release|ARM.Deploy.0 = Release|Any CPU
		{592E1829-6B99-4836-9444-128E09B15282}.Release|iPhone.ActiveCfg = Release|Any CPU
		{592E1829-6B99-4836-9444-128E09B15282}.Release|iPhone.Build.0 = Release|Any CPU
		{592E1829-6B99-4836-9444-128E09B15282}.Release|iPhone.Deploy.0 = Release|Any CPU
		{592E1829-6B99-4836-9444-128E09B15282}.Release|iPhoneSimulator.ActiveCfg = Release|Any CPU
		{592E1829-6B99-4836-9444-128E09B15282}.Release|iPhoneSimulator.Build.0 = Release|Any CPU
		{592E1829-6B99-4836-9444-128E09B15282}.Release|iPhoneSimulator.Deploy.0 = Release|Any CPU
		{592E1829-6B99-4836-9444-128E09B15282}.Release|x64.ActiveCfg = Release|Any CPU
		{592E1829-6B99-4836-9444-128E09B15282}.Release|x64.Build.0 = Release|Any CPU
		{592E1829-6B99-4836-9444-128E09B15282}.Release|x64.Deploy.0 = Release|Any CPU
		{592E1829-6B99-4836-9444-128E09B15282}.Release|x86.ActiveCfg = Release|Any CPU
		{592E1829-6B99-4836-9444-128E09B15282}.Release|x86.Build.0 = Release|Any CPU
		{592E1829-6B99-4836-9444-128E09B15282}.Release|x86.Deploy.0 = Release|Any CPU
		{A525F6DB-5FC8-45E3-A2CB-5B173A8A695B}.Ad-Hoc|Any CPU.ActiveCfg = Ad-Hoc|iPhone
		{A525F6DB-5FC8-45E3-A2CB-5B173A8A695B}.Ad-Hoc|ARM.ActiveCfg = Ad-Hoc|iPhone
		{A525F6DB-5FC8-45E3-A2CB-5B173A8A695B}.Ad-Hoc|iPhone.ActiveCfg = Ad-Hoc|iPhone
		{A525F6DB-5FC8-45E3-A2CB-5B173A8A695B}.Ad-Hoc|iPhone.Build.0 = Ad-Hoc|iPhone
		{A525F6DB-5FC8-45E3-A2CB-5B173A8A695B}.Ad-Hoc|iPhoneSimulator.ActiveCfg = Ad-Hoc|iPhoneSimulator
		{A525F6DB-5FC8-45E3-A2CB-5B173A8A695B}.Ad-Hoc|iPhoneSimulator.Build.0 = Ad-Hoc|iPhoneSimulator
		{A525F6DB-5FC8-45E3-A2CB-5B173A8A695B}.Ad-Hoc|x64.ActiveCfg = Ad-Hoc|iPhone
		{A525F6DB-5FC8-45E3-A2CB-5B173A8A695B}.Ad-Hoc|x86.ActiveCfg = Ad-Hoc|iPhone
		{A525F6DB-5FC8-45E3-A2CB-5B173A8A695B}.AppStore|Any CPU.ActiveCfg = AppStore|iPhone
		{A525F6DB-5FC8-45E3-A2CB-5B173A8A695B}.AppStore|ARM.ActiveCfg = AppStore|iPhone
		{A525F6DB-5FC8-45E3-A2CB-5B173A8A695B}.AppStore|iPhone.ActiveCfg = AppStore|iPhone
		{A525F6DB-5FC8-45E3-A2CB-5B173A8A695B}.AppStore|iPhone.Build.0 = AppStore|iPhone
		{A525F6DB-5FC8-45E3-A2CB-5B173A8A695B}.AppStore|iPhoneSimulator.ActiveCfg = AppStore|iPhoneSimulator
		{A525F6DB-5FC8-45E3-A2CB-5B173A8A695B}.AppStore|iPhoneSimulator.Build.0 = AppStore|iPhoneSimulator
		{A525F6DB-5FC8-45E3-A2CB-5B173A8A695B}.AppStore|x64.ActiveCfg = AppStore|iPhone
		{A525F6DB-5FC8-45E3-A2CB-5B173A8A695B}.AppStore|x86.ActiveCfg = AppStore|iPhone
		{A525F6DB-5FC8-45E3-A2CB-5B173A8A695B}.Debug|Any CPU.ActiveCfg = Debug|iPhone
		{A525F6DB-5FC8-45E3-A2CB-5B173A8A695B}.Debug|ARM.ActiveCfg = Debug|iPhone
		{A525F6DB-5FC8-45E3-A2CB-5B173A8A695B}.Debug|iPhone.ActiveCfg = Debug|iPhone
		{A525F6DB-5FC8-45E3-A2CB-5B173A8A695B}.Debug|iPhone.Build.0 = Debug|iPhone
		{A525F6DB-5FC8-45E3-A2CB-5B173A8A695B}.Debug|iPhoneSimulator.ActiveCfg = Debug|iPhoneSimulator
		{A525F6DB-5FC8-45E3-A2CB-5B173A8A695B}.Debug|iPhoneSimulator.Build.0 = Debug|iPhoneSimulator
		{A525F6DB-5FC8-45E3-A2CB-5B173A8A695B}.Debug|x64.ActiveCfg = Debug|iPhone
		{A525F6DB-5FC8-45E3-A2CB-5B173A8A695B}.Debug|x86.ActiveCfg = Debug|iPhone
		{A525F6DB-5FC8-45E3-A2CB-5B173A8A695B}.Release|Any CPU.ActiveCfg = Release|iPhone
		{A525F6DB-5FC8-45E3-A2CB-5B173A8A695B}.Release|ARM.ActiveCfg = Release|iPhone
		{A525F6DB-5FC8-45E3-A2CB-5B173A8A695B}.Release|iPhone.ActiveCfg = Release|iPhone
		{A525F6DB-5FC8-45E3-A2CB-5B173A8A695B}.Release|iPhone.Build.0 = Release|iPhone
		{A525F6DB-5FC8-45E3-A2CB-5B173A8A695B}.Release|iPhoneSimulator.ActiveCfg = Release|iPhoneSimulator
		{A525F6DB-5FC8-45E3-A2CB-5B173A8A695B}.Release|iPhoneSimulator.Build.0 = Release|iPhoneSimulator
		{A525F6DB-5FC8-45E3-A2CB-5B173A8A695B}.Release|x64.ActiveCfg = Release|iPhone
		{A525F6DB-5FC8-45E3-A2CB-5B173A8A695B}.Release|x86.ActiveCfg = Release|iPhone
		{BA42129C-7ECA-4A43-8637-B8861B283738}.Ad-Hoc|Any CPU.ActiveCfg = Release|x86
		{BA42129C-7ECA-4A43-8637-B8861B283738}.Ad-Hoc|Any CPU.Build.0 = Release|x86
		{BA42129C-7ECA-4A43-8637-B8861B283738}.Ad-Hoc|Any CPU.Deploy.0 = Release|x86
		{BA42129C-7ECA-4A43-8637-B8861B283738}.Ad-Hoc|ARM.ActiveCfg = Release|ARM
		{BA42129C-7ECA-4A43-8637-B8861B283738}.Ad-Hoc|ARM.Build.0 = Release|ARM
		{BA42129C-7ECA-4A43-8637-B8861B283738}.Ad-Hoc|ARM.Deploy.0 = Release|ARM
		{BA42129C-7ECA-4A43-8637-B8861B283738}.Ad-Hoc|iPhone.ActiveCfg = Release|x86
		{BA42129C-7ECA-4A43-8637-B8861B283738}.Ad-Hoc|iPhone.Build.0 = Release|x86
		{BA42129C-7ECA-4A43-8637-B8861B283738}.Ad-Hoc|iPhone.Deploy.0 = Release|x86
		{BA42129C-7ECA-4A43-8637-B8861B283738}.Ad-Hoc|iPhoneSimulator.ActiveCfg = Release|x86
		{BA42129C-7ECA-4A43-8637-B8861B283738}.Ad-Hoc|iPhoneSimulator.Build.0 = Release|x86
		{BA42129C-7ECA-4A43-8637-B8861B283738}.Ad-Hoc|iPhoneSimulator.Deploy.0 = Release|x86
		{BA42129C-7ECA-4A43-8637-B8861B283738}.Ad-Hoc|x64.ActiveCfg = Release|x64
		{BA42129C-7ECA-4A43-8637-B8861B283738}.Ad-Hoc|x64.Build.0 = Release|x64
		{BA42129C-7ECA-4A43-8637-B8861B283738}.Ad-Hoc|x64.Deploy.0 = Release|x64
		{BA42129C-7ECA-4A43-8637-B8861B283738}.Ad-Hoc|x86.ActiveCfg = Release|x86
		{BA42129C-7ECA-4A43-8637-B8861B283738}.Ad-Hoc|x86.Build.0 = Release|x86
		{BA42129C-7ECA-4A43-8637-B8861B283738}.Ad-Hoc|x86.Deploy.0 = Release|x86
		{BA42129C-7ECA-4A43-8637-B8861B283738}.AppStore|Any CPU.ActiveCfg = Release|x86
		{BA42129C-7ECA-4A43-8637-B8861B283738}.AppStore|Any CPU.Build.0 = Release|x86
		{BA42129C-7ECA-4A43-8637-B8861B283738}.AppStore|Any CPU.Deploy.0 = Release|x86
		{BA42129C-7ECA-4A43-8637-B8861B283738}.AppStore|ARM.ActiveCfg = Release|ARM
		{BA42129C-7ECA-4A43-8637-B8861B283738}.AppStore|ARM.Build.0 = Release|ARM
		{BA42129C-7ECA-4A43-8637-B8861B283738}.AppStore|ARM.Deploy.0 = Release|ARM
		{BA42129C-7ECA-4A43-8637-B8861B283738}.AppStore|iPhone.ActiveCfg = Release|x86
		{BA42129C-7ECA-4A43-8637-B8861B283738}.AppStore|iPhone.Build.0 = Release|x86
		{BA42129C-7ECA-4A43-8637-B8861B283738}.AppStore|iPhone.Deploy.0 = Release|x86
		{BA42129C-7ECA-4A43-8637-B8861B283738}.AppStore|iPhoneSimulator.ActiveCfg = Release|x86
		{BA42129C-7ECA-4A43-8637-B8861B283738}.AppStore|iPhoneSimulator.Build.0 = Release|x86
		{BA42129C-7ECA-4A43-8637-B8861B283738}.AppStore|iPhoneSimulator.Deploy.0 = Release|x86
		{BA42129C-7ECA-4A43-8637-B8861B283738}.AppStore|x64.ActiveCfg = Release|x64
		{BA42129C-7ECA-4A43-8637-B8861B283738}.AppStore|x64.Build.0 = Release|x64
		{BA42129C-7ECA-4A43-8637-B8861B283738}.AppStore|x64.Deploy.0 = Release|x64
		{BA42129C-7ECA-4A43-8637-B8861B283738}.AppStore|x86.ActiveCfg = Release|x86
		{BA42129C-7ECA-4A43-8637-B8861B283738}.AppStore|x86.Build.0 = Release|x86
		{BA42129C-7ECA-4A43-8637-B8861B283738}.AppStore|x86.Deploy.0 = Release|x86
		{BA42129C-7ECA-4A43-8637-B8861B283738}.Debug|Any CPU.ActiveCfg = Debug|x86
		{BA42129C-7ECA-4A43-8637-B8861B283738}.Debug|ARM.ActiveCfg = Debug|ARM
		{BA42129C-7ECA-4A43-8637-B8861B283738}.Debug|ARM.Build.0 = Debug|ARM
		{BA42129C-7ECA-4A43-8637-B8861B283738}.Debug|ARM.Deploy.0 = Debug|ARM
		{BA42129C-7ECA-4A43-8637-B8861B283738}.Debug|iPhone.ActiveCfg = Debug|x86
		{BA42129C-7ECA-4A43-8637-B8861B283738}.Debug|iPhoneSimulator.ActiveCfg = Debug|x86
		{BA42129C-7ECA-4A43-8637-B8861B283738}.Debug|x64.ActiveCfg = Debug|x64
		{BA42129C-7ECA-4A43-8637-B8861B283738}.Debug|x64.Build.0 = Debug|x64
		{BA42129C-7ECA-4A43-8637-B8861B283738}.Debug|x64.Deploy.0 = Debug|x64
		{BA42129C-7ECA-4A43-8637-B8861B283738}.Debug|x86.ActiveCfg = Debug|x86
		{BA42129C-7ECA-4A43-8637-B8861B283738}.Debug|x86.Build.0 = Debug|x86
		{BA42129C-7ECA-4A43-8637-B8861B283738}.Debug|x86.Deploy.0 = Debug|x86
		{BA42129C-7ECA-4A43-8637-B8861B283738}.Release|Any CPU.ActiveCfg = Release|x86
		{BA42129C-7ECA-4A43-8637-B8861B283738}.Release|ARM.ActiveCfg = Release|ARM
		{BA42129C-7ECA-4A43-8637-B8861B283738}.Release|ARM.Build.0 = Release|ARM
		{BA42129C-7ECA-4A43-8637-B8861B283738}.Release|ARM.Deploy.0 = Release|ARM
		{BA42129C-7ECA-4A43-8637-B8861B283738}.Release|iPhone.ActiveCfg = Release|x86
		{BA42129C-7ECA-4A43-8637-B8861B283738}.Release|iPhoneSimulator.ActiveCfg = Release|x86
		{BA42129C-7ECA-4A43-8637-B8861B283738}.Release|x64.ActiveCfg = Release|x64
		{BA42129C-7ECA-4A43-8637-B8861B283738}.Release|x64.Build.0 = Release|x64
		{BA42129C-7ECA-4A43-8637-B8861B283738}.Release|x64.Deploy.0 = Release|x64
		{BA42129C-7ECA-4A43-8637-B8861B283738}.Release|x86.ActiveCfg = Release|x86
		{BA42129C-7ECA-4A43-8637-B8861B283738}.Release|x86.Build.0 = Release|x86
		{BA42129C-7ECA-4A43-8637-B8861B283738}.Release|x86.Deploy.0 = Release|x86
	EndGlobalSection
	GlobalSection(SolutionProperties) = preSolution
		HideSolutionNode = FALSE
	EndGlobalSection
EndGlobal
